
Microsoft Visual Studio Solution File, Format Version 12.00
# Visual Studio 2015
Project("{FAE04EC0-301F-11D3-BF4B-00C04F79EFBC}") = "Lazy Cat.CSharp", "Lazy Cat.CSharp.csproj", "{C80ABA66-B1BD-AF35-D299-92CBDE97B8DA}"
EndProject
Global
	GlobalSection(SolutionConfigurationPlatforms) = preSolution
		Debug|Any CPU = Debug|Any CPU
		Release|Any CPU = Release|Any CPU
	EndGlobalSection
	GlobalSection(ProjectConfigurationPlatforms) = postSolution
		{C80ABA66-B1BD-AF35-D299-92CBDE97B8DA}.Debug|Any CPU.ActiveCfg = Debug|Any CPU
		{C80ABA66-B1BD-AF35-D299-92CBDE97B8DA}.Debug|Any CPU.Build.0 = Debug|Any CPU
		{C80ABA66-B1BD-AF35-D299-92CBDE97B8DA}.Release|Any CPU.ActiveCfg = Release|Any CPU
		{C80ABA66-B1BD-AF35-D299-92CBDE97B8DA}.Release|Any CPU.Build.0 = Release|Any CPU
	EndGlobalSection
	GlobalSection(SolutionProperties) = preSolution
		HideSolutionNode = FALSE
	EndGlobalSection
EndGlobal
